
Microsoft Visual Studio Solution File, Format Version 12.00
# Visual Studio Version 17
VisualStudioVersion = 17.9.34622.214
MinimumVisualStudioVersion = 10.0.40219.1
Project("{FAE04EC0-301F-11D3-BF4B-00C04F79EFBC}") = "MVC", "MVC\MVC.csproj", "{2330E523-5492-4045-A448-831361A71093}"
EndProject
Global
	GlobalSection(SolutionConfigurationPlatforms) = preSolution
		Debug|Any CPU = Debug|Any CPU
		Release|Any CPU = Release|Any CPU
	EndGlobalSection
	GlobalSection(ProjectConfigurationPlatforms) = postSolution
		{2330E523-5492-4045-A448-831361A71093}.Debug|Any CPU.ActiveCfg = Debug|Any CPU
		{2330E523-5492-4045-A448-831361A71093}.Debug|Any CPU.Build.0 = Debug|Any CPU
		{2330E523-5492-4045-A448-831361A71093}.Release|Any CPU.ActiveCfg = Release|Any CPU
		{2330E523-5492-4045-A448-831361A71093}.Release|Any CPU.Build.0 = Release|Any CPU
	EndGlobalSection
	GlobalSection(SolutionProperties) = preSolution
		HideSolutionNode = FALSE
	EndGlobalSection
	GlobalSection(ExtensibilityGlobals) = postSolution
		SolutionGuid = {CAF101F3-80C1-496B-9511-4D9D739F9BE1}
	EndGlobalSection
EndGlobal
